github.com/emvi/null v1.3.1 h1:EQxrthMJnzpozGgKrcCepJmwrzA+UCk7ctBWOZLTW0Y=
github.com/emvi/null v1.3.1/go.mod h1:tEZhBSLFCucrJdwRentxoOLVRpTCy/3aIfiNKE2uuYU=
github.com/pirsch-analytics/pirsch-go-sdk/v2 v2.0.0 h1:GBnSAG27H/mc9hy17em2QTKdOF58nVhgUx+aHGgXU0U=
github.com/pirsch-analytics/pirsch-go-sdk/v2 v2.0.0/go.mod h1:dJWw0k1wgXN+khnr+JuibY6dPg4plV894/wcjjX5+Bc=
